
Microsoft Visual Studio Solution File, Format Version 12.00
Project("{FAE04EC0-301F-11D3-BF4B-00C04F79EFBC}") = "FlightsApi", "FlightsApi\FlightsApi.csproj", "{3FC6EAF3-18E5-4A60-BB24-2CE1B6DDB119}"
EndProject
Project("{2150E333-8FDC-42A3-9474-1A3956D46DE8}") = "Solution Items", "Solution Items", "{A6390426-1067-4258-8001-0E988E208CB4}"
	ProjectSection(SolutionItems) = preProject
		compose.yaml = compose.yaml
	EndProjectSection
EndProject
Project("{FAE04EC0-301F-11D3-BF4B-00C04F79EFBC}") = "DataExtracting", "DataExtracting\DataExtracting.csproj", "{64FFC790-428F-4DF3-9F7E-CB4ACA5DC8C7}"
EndProject
Project("{FAE04EC0-301F-11D3-BF4B-00C04F79EFBC}") = "DataExtracting.Wikipedia.Test", "DataExtracting.Wikipedia.Test\DataExtracting.Wikipedia.Test.csproj", "{7CC108BE-0C68-4978-926E-E5F6966DD59C}"
EndProject
Project("{FAE04EC0-301F-11D3-BF4B-00C04F79EFBC}") = "Domain", "Domain\Domain.csproj", "{778B957B-EBB8-43CE-B3FF-B7BDC3CD82CD}"
EndProject
Project("{FAE04EC0-301F-11D3-BF4B-00C04F79EFBC}") = "FlightsApi.Dto", "FlightsApi.Dto\FlightsApi.Dto.csproj", "{F52CDFD4-FE45-4C24-8156-E7D7A4ECF054}"
EndProject
Project("{2150E333-8FDC-42A3-9474-1A3956D46DE8}") = "Infrastructure", "Infrastructure", "{C177A42A-FB82-49D1-956F-7160D324B856}"
EndProject
Project("{FAE04EC0-301F-11D3-BF4B-00C04F79EFBC}") = "DataExtracting.Contracts", "DataExtracting.Contracts\DataExtracting.Contracts.csproj", "{6C4B8571-0894-4723-BE77-AEEC3CA1B324}"
EndProject
Project("{FAE04EC0-301F-11D3-BF4B-00C04F79EFBC}") = "DataExtracting.OurAirports", "DataExtracting.OurAirports\DataExtracting.OurAirports.csproj", "{9015E3A7-4ED6-476E-A9BD-51EE75884A14}"
EndProject
Project("{FAE04EC0-301F-11D3-BF4B-00C04F79EFBC}") = "DataExtracting.Wikipedia", "DataExtracting.Wikipedia\DataExtracting.Wikipedia.csproj", "{DE9BDDF0-0C48-4530-8F2C-C78B5FCC46E1}"
EndProject
Project("{2150E333-8FDC-42A3-9474-1A3956D46DE8}") = "Test", "Test", "{A731C05A-57F2-4AB5-99DE-3A1681383894}"
EndProject
Project("{2150E333-8FDC-42A3-9474-1A3956D46DE8}") = "Presentation", "Presentation", "{EAAD3FEF-35BD-4972-8269-89AD6E5D5C50}"
EndProject
Project("{2150E333-8FDC-42A3-9474-1A3956D46DE8}") = "Core", "Core", "{2DAC2870-D216-4E53-8794-681F30C9A8F5}"
EndProject
Project("{2150E333-8FDC-42A3-9474-1A3956D46DE8}") = "DataExtracting", "DataExtracting", "{2681AF44-B61C-4D18-AC03-2B567298C2EF}"
EndProject
Project("{2150E333-8FDC-42A3-9474-1A3956D46DE8}") = "Data", "Data", "{87AD5554-9E91-4D89-9C47-E6487F57E501}"
EndProject
Project("{FAE04EC0-301F-11D3-BF4B-00C04F79EFBC}") = "Data", "Data\Data.csproj", "{52F41B43-4F33-4BB1-BD4D-C93CC59CE1A8}"
EndProject
Project("{FAE04EC0-301F-11D3-BF4B-00C04F79EFBC}") = "Data.Contracts", "Data.Contracts\Data.Contracts.csproj", "{C3AE5D9C-0DE9-4844-8650-EC0FA9906178}"
EndProject
Project("{FAE04EC0-301F-11D3-BF4B-00C04F79EFBC}") = "Environment", "Environment\Environment.csproj", "{154C63E4-DF58-49AD-A76A-C38F5D32EE7C}"
EndProject
Global
	GlobalSection(SolutionConfigurationPlatforms) = preSolution
		Debug|Any CPU = Debug|Any CPU
		Release|Any CPU = Release|Any CPU
	EndGlobalSection
	GlobalSection(ProjectConfigurationPlatforms) = postSolution
		{3FC6EAF3-18E5-4A60-BB24-2CE1B6DDB119}.Debug|Any CPU.ActiveCfg = Debug|Any CPU
		{3FC6EAF3-18E5-4A60-BB24-2CE1B6DDB119}.Debug|Any CPU.Build.0 = Debug|Any CPU
		{3FC6EAF3-18E5-4A60-BB24-2CE1B6DDB119}.Release|Any CPU.ActiveCfg = Release|Any CPU
		{3FC6EAF3-18E5-4A60-BB24-2CE1B6DDB119}.Release|Any CPU.Build.0 = Release|Any CPU
		{64FFC790-428F-4DF3-9F7E-CB4ACA5DC8C7}.Debug|Any CPU.ActiveCfg = Debug|Any CPU
		{64FFC790-428F-4DF3-9F7E-CB4ACA5DC8C7}.Debug|Any CPU.Build.0 = Debug|Any CPU
		{64FFC790-428F-4DF3-9F7E-CB4ACA5DC8C7}.Release|Any CPU.ActiveCfg = Release|Any CPU
		{64FFC790-428F-4DF3-9F7E-CB4ACA5DC8C7}.Release|Any CPU.Build.0 = Release|Any CPU
		{7CC108BE-0C68-4978-926E-E5F6966DD59C}.Debug|Any CPU.ActiveCfg = Debug|Any CPU
		{7CC108BE-0C68-4978-926E-E5F6966DD59C}.Debug|Any CPU.Build.0 = Debug|Any CPU
		{7CC108BE-0C68-4978-926E-E5F6966DD59C}.Release|Any CPU.ActiveCfg = Release|Any CPU
		{7CC108BE-0C68-4978-926E-E5F6966DD59C}.Release|Any CPU.Build.0 = Release|Any CPU
		{778B957B-EBB8-43CE-B3FF-B7BDC3CD82CD}.Debug|Any CPU.ActiveCfg = Debug|Any CPU
		{778B957B-EBB8-43CE-B3FF-B7BDC3CD82CD}.Debug|Any CPU.Build.0 = Debug|Any CPU
		{778B957B-EBB8-43CE-B3FF-B7BDC3CD82CD}.Release|Any CPU.ActiveCfg = Release|Any CPU
		{778B957B-EBB8-43CE-B3FF-B7BDC3CD82CD}.Release|Any CPU.Build.0 = Release|Any CPU
		{F52CDFD4-FE45-4C24-8156-E7D7A4ECF054}.Debug|Any CPU.ActiveCfg = Debug|Any CPU
		{F52CDFD4-FE45-4C24-8156-E7D7A4ECF054}.Debug|Any CPU.Build.0 = Debug|Any CPU
		{F52CDFD4-FE45-4C24-8156-E7D7A4ECF054}.Release|Any CPU.ActiveCfg = Release|Any CPU
		{F52CDFD4-FE45-4C24-8156-E7D7A4ECF054}.Release|Any CPU.Build.0 = Release|Any CPU
		{6C4B8571-0894-4723-BE77-AEEC3CA1B324}.Debug|Any CPU.ActiveCfg = Debug|Any CPU
		{6C4B8571-0894-4723-BE77-AEEC3CA1B324}.Debug|Any CPU.Build.0 = Debug|Any CPU
		{6C4B8571-0894-4723-BE77-AEEC3CA1B324}.Release|Any CPU.ActiveCfg = Release|Any CPU
		{6C4B8571-0894-4723-BE77-AEEC3CA1B324}.Release|Any CPU.Build.0 = Release|Any CPU
		{9015E3A7-4ED6-476E-A9BD-51EE75884A14}.Debug|Any CPU.ActiveCfg = Debug|Any CPU
		{9015E3A7-4ED6-476E-A9BD-51EE75884A14}.Debug|Any CPU.Build.0 = Debug|Any CPU
		{9015E3A7-4ED6-476E-A9BD-51EE75884A14}.Release|Any CPU.ActiveCfg = Release|Any CPU
		{9015E3A7-4ED6-476E-A9BD-51EE75884A14}.Release|Any CPU.Build.0 = Release|Any CPU
		{DE9BDDF0-0C48-4530-8F2C-C78B5FCC46E1}.Debug|Any CPU.ActiveCfg = Debug|Any CPU
		{DE9BDDF0-0C48-4530-8F2C-C78B5FCC46E1}.Debug|Any CPU.Build.0 = Debug|Any CPU
		{DE9BDDF0-0C48-4530-8F2C-C78B5FCC46E1}.Release|Any CPU.ActiveCfg = Release|Any CPU
		{DE9BDDF0-0C48-4530-8F2C-C78B5FCC46E1}.Release|Any CPU.Build.0 = Release|Any CPU
		{52F41B43-4F33-4BB1-BD4D-C93CC59CE1A8}.Debug|Any CPU.ActiveCfg = Debug|Any CPU
		{52F41B43-4F33-4BB1-BD4D-C93CC59CE1A8}.Debug|Any CPU.Build.0 = Debug|Any CPU
		{52F41B43-4F33-4BB1-BD4D-C93CC59CE1A8}.Release|Any CPU.ActiveCfg = Release|Any CPU
		{52F41B43-4F33-4BB1-BD4D-C93CC59CE1A8}.Release|Any CPU.Build.0 = Release|Any CPU
		{C3AE5D9C-0DE9-4844-8650-EC0FA9906178}.Debug|Any CPU.ActiveCfg = Debug|Any CPU
		{C3AE5D9C-0DE9-4844-8650-EC0FA9906178}.Debug|Any CPU.Build.0 = Debug|Any CPU
		{C3AE5D9C-0DE9-4844-8650-EC0FA9906178}.Release|Any CPU.ActiveCfg = Release|Any CPU
		{C3AE5D9C-0DE9-4844-8650-EC0FA9906178}.Release|Any CPU.Build.0 = Release|Any CPU
		{154C63E4-DF58-49AD-A76A-C38F5D32EE7C}.Debug|Any CPU.ActiveCfg = Debug|Any CPU
		{154C63E4-DF58-49AD-A76A-C38F5D32EE7C}.Debug|Any CPU.Build.0 = Debug|Any CPU
		{154C63E4-DF58-49AD-A76A-C38F5D32EE7C}.Release|Any CPU.ActiveCfg = Release|Any CPU
		{154C63E4-DF58-49AD-A76A-C38F5D32EE7C}.Release|Any CPU.Build.0 = Release|Any CPU
	EndGlobalSection
	GlobalSection(NestedProjects) = preSolution
		{7CC108BE-0C68-4978-926E-E5F6966DD59C} = {A731C05A-57F2-4AB5-99DE-3A1681383894}
		{3FC6EAF3-18E5-4A60-BB24-2CE1B6DDB119} = {EAAD3FEF-35BD-4972-8269-89AD6E5D5C50}
		{F52CDFD4-FE45-4C24-8156-E7D7A4ECF054} = {EAAD3FEF-35BD-4972-8269-89AD6E5D5C50}
		{778B957B-EBB8-43CE-B3FF-B7BDC3CD82CD} = {2DAC2870-D216-4E53-8794-681F30C9A8F5}
		{2681AF44-B61C-4D18-AC03-2B567298C2EF} = {C177A42A-FB82-49D1-956F-7160D324B856}
		{64FFC790-428F-4DF3-9F7E-CB4ACA5DC8C7} = {2681AF44-B61C-4D18-AC03-2B567298C2EF}
		{6C4B8571-0894-4723-BE77-AEEC3CA1B324} = {2681AF44-B61C-4D18-AC03-2B567298C2EF}
		{9015E3A7-4ED6-476E-A9BD-51EE75884A14} = {2681AF44-B61C-4D18-AC03-2B567298C2EF}
		{DE9BDDF0-0C48-4530-8F2C-C78B5FCC46E1} = {2681AF44-B61C-4D18-AC03-2B567298C2EF}
		{87AD5554-9E91-4D89-9C47-E6487F57E501} = {C177A42A-FB82-49D1-956F-7160D324B856}
		{52F41B43-4F33-4BB1-BD4D-C93CC59CE1A8} = {87AD5554-9E91-4D89-9C47-E6487F57E501}
		{C3AE5D9C-0DE9-4844-8650-EC0FA9906178} = {87AD5554-9E91-4D89-9C47-E6487F57E501}
		{154C63E4-DF58-49AD-A76A-C38F5D32EE7C} = {2DAC2870-D216-4E53-8794-681F30C9A8F5}
	EndGlobalSection
EndGlobal
